
Microsoft Visual Studio Solution File, Format Version 12.00
# Visual Studio Version 17
VisualStudioVersion = 17.14.36127.28
MinimumVisualStudioVersion = 10.0.40219.1
Project("{FAE04EC0-301F-11D3-BF4B-00C04F79EFBC}") = "BusinessObjects", "BusinessObjects\BusinessObjects.csproj", "{69C4EEC7-60F0-4EF3-91AD-74234B0B2533}"
EndProject
Project("{FAE04EC0-301F-11D3-BF4B-00C04F79EFBC}") = "DataAccess", "DataAccess\DataAccess.csproj", "{F7C54DAB-5F15-44D6-B7F8-CF0E183930C6}"
EndProject
Project("{FAE04EC0-301F-11D3-BF4B-00C04F79EFBC}") = "Repositories", "ClassLibrary1\Repositories.csproj", "{8FBCA3DD-5384-489F-BF16-9A8C4350CE0E}"
EndProject
Project("{FAE04EC0-301F-11D3-BF4B-00C04F79EFBC}") = "Services", "Services\Services.csproj", "{959CA164-FD65-4D18-948B-F30CCE202D5A}"
EndProject
Project("{FAE04EC0-301F-11D3-BF4B-00C04F79EFBC}") = "NguyenThiThuyTrangWPF", "WPF\NguyenThiThuyTrangWPF.csproj", "{5206C5C0-B478-45EB-908D-C7F512650F1F}"
EndProject
Global
	GlobalSection(SolutionConfigurationPlatforms) = preSolution
		Debug|Any CPU = Debug|Any CPU
		Release|Any CPU = Release|Any CPU
	EndGlobalSection
	GlobalSection(ProjectConfigurationPlatforms) = postSolution
		{69C4EEC7-60F0-4EF3-91AD-74234B0B2533}.Debug|Any CPU.ActiveCfg = Debug|Any CPU
		{69C4EEC7-60F0-4EF3-91AD-74234B0B2533}.Debug|Any CPU.Build.0 = Debug|Any CPU
		{69C4EEC7-60F0-4EF3-91AD-74234B0B2533}.Release|Any CPU.ActiveCfg = Release|Any CPU
		{69C4EEC7-60F0-4EF3-91AD-74234B0B2533}.Release|Any CPU.Build.0 = Release|Any CPU
		{F7C54DAB-5F15-44D6-B7F8-CF0E183930C6}.Debug|Any CPU.ActiveCfg = Debug|Any CPU
		{F7C54DAB-5F15-44D6-B7F8-CF0E183930C6}.Debug|Any CPU.Build.0 = Debug|Any CPU
		{F7C54DAB-5F15-44D6-B7F8-CF0E183930C6}.Release|Any CPU.ActiveCfg = Release|Any CPU
		{F7C54DAB-5F15-44D6-B7F8-CF0E183930C6}.Release|Any CPU.Build.0 = Release|Any CPU
		{8FBCA3DD-5384-489F-BF16-9A8C4350CE0E}.Debug|Any CPU.ActiveCfg = Debug|Any CPU
		{8FBCA3DD-5384-489F-BF16-9A8C4350CE0E}.Debug|Any CPU.Build.0 = Debug|Any CPU
		{8FBCA3DD-5384-489F-BF16-9A8C4350CE0E}.Release|Any CPU.ActiveCfg = Release|Any CPU
		{8FBCA3DD-5384-489F-BF16-9A8C4350CE0E}.Release|Any CPU.Build.0 = Release|Any CPU
		{959CA164-FD65-4D18-948B-F30CCE202D5A}.Debug|Any CPU.ActiveCfg = Debug|Any CPU
		{959CA164-FD65-4D18-948B-F30CCE202D5A}.Debug|Any CPU.Build.0 = Debug|Any CPU
		{959CA164-FD65-4D18-948B-F30CCE202D5A}.Release|Any CPU.ActiveCfg = Release|Any CPU
		{959CA164-FD65-4D18-948B-F30CCE202D5A}.Release|Any CPU.Build.0 = Release|Any CPU
		{5206C5C0-B478-45EB-908D-C7F512650F1F}.Debug|Any CPU.ActiveCfg = Debug|Any CPU
		{5206C5C0-B478-45EB-908D-C7F512650F1F}.Debug|Any CPU.Build.0 = Debug|Any CPU
		{5206C5C0-B478-45EB-908D-C7F512650F1F}.Release|Any CPU.ActiveCfg = Release|Any CPU
		{5206C5C0-B478-45EB-908D-C7F512650F1F}.Release|Any CPU.Build.0 = Release|Any CPU
	EndGlobalSection
	GlobalSection(SolutionProperties) = preSolution
		HideSolutionNode = FALSE
	EndGlobalSection
	GlobalSection(ExtensibilityGlobals) = postSolution
		SolutionGuid = {02B6D6F7-EEF6-4428-A6EC-54D30EC974B8}
	EndGlobalSection
EndGlobal
